{
    "_readme": [
        "This file locks the dependencies of your project to a known state",
        "Read more about it at https://getcomposer.org/doc/01-basic-usage.md#installing-dependencies",
        "This file is @generated automatically"
    ],
    "content-hash": "3124417cdbc454974cc01dfe5b00ee7e",
    "packages": [
        {
            "name": "paynl/sdk",
            "version": "v1.5.15",
            "source": {
                "type": "git",
                "url": "https://github.com/paynl/sdk.git",
                "reference": "c801462646b8182677c00d6c0a39a505266067b4"
            },
            "dist": {
                "type": "zip",
                "url": "https://api.github.com/repos/paynl/sdk/zipball/c801462646b8182677c00d6c0a39a505266067b4",
                "reference": "c801462646b8182677c00d6c0a39a505266067b4",
                "shasum": ""
            },
            "require": {
                "ext-curl": "*",
                "ext-json": "*",
                "php-curl-class/php-curl-class": "^8.3"
            },
            "require-dev": {
                "php-coveralls/php-coveralls": "^1.0",
                "phpunit/phpunit": "^4.8"
            },
            "suggest": {
                "ext-simplexml": "*"
            },
            "type": "library",
            "autoload": {
                "psr-4": {
                    "Paynl\\": "src/"
                }
            },
            "notification-url": "https://packagist.org/downloads/",
            "license": [
                "MIT"
            ],
            "authors": [
                {
                    "name": "Andy Pieters",
                    "email": "andy@pay.nl"
                }
            ],
            "support": {
                "issues": "https://github.com/paynl/sdk/issues",
                "source": "https://github.com/paynl/sdk/tree/master"
            },
            "time": "2020-06-18T14:33:40+00:00"
        },
        {
            "name": "paynl/sdk3-mvp",
            "version": "dev-master",
            "source": {
                "type": "git",
                "url": "git@github.com:paynl/sdk3-mvp.git",
                "reference": "c38a99f4665d70fe3b410c434e529e3d8bb4490f"
            },
            "require": {
                "ext-curl": "*",
                "ext-json": "*",
                "php": "^7.4 || ^8.0"
            },
            "require-dev": {
                "ext-simplexml": "*",
                "guzzlehttp/guzzle": "^6.3",
                "humbug/php-scoper": "~0.11",
                "phpmd/phpmd": "^2.7",
                "phpstan/phpstan": "1.10.4",
                "phpunit/phpunit": "^10",
                "roave/security-advisories": "dev-master",
                "squizlabs/php_codesniffer": "^3.4",
                "symfony/var-dumper": "^4.3"
            },
            "suggest": {
                "filp/whoops": "For enhanced exception handling"
            },
            "default-branch": true,
            "type": "library",
            "autoload": {
                "psr-4": {
                    "PayNL\\Sdk\\": "src/",
                    "PayNL\\GuzzleHttp\\": "build/guzzle/src",
                    "PayNL\\GuzzleHttp\\Promise\\": "build/promises/src",
                    "PayNL\\GuzzleHttp\\Psr7\\": "build/psr7/src"
                },
                "files": [
                    "./src/Resources/functions/text.php",
                    "./src/Resources/functions/vat.php",
                    "./build/guzzle/src/functions_include.php",
                    "./build/promises/src/functions_include.php",
                    "./build/psr7/src/functions_include.php"
                ]
            },
            "autoload-dev": {
                "psr-4": {
                    "Tests\\PayNL\\Sdk\\": "tests",
                    "Tests\\Acceptance\\PayNL\\Sdk\\": "tests/acceptance",
                    "Tests\\Functional\\PayNL\\Sdk\\": "tests/functional",
                    "Tests\\Unit\\PayNL\\Sdk\\": "tests/unit"
                }
            },
            "archive": {
                "exclude": [
                    "!vendor",
                    "composer.phar"
                ]
            },
            "scripts": {
                "test": [
                    "@style-check"
                ],
                "style-check": [
                    "@phpstan",
                    "@phpmd",
                    "@phpcs"
                ],
                "phpstan": [
                    "bin/phpstan analyse"
                ],
                "phpmd": [
                    "bin/phpmd src,samples text phpmd.xml"
                ],
                "phpcs": [
                    "bin/phpcs"
                ]
            },
            "license": [
                "proprietary"
            ],
            "authors": [
                {
                    "name": "Ian Sneep",
                    "email": "ian@pay.nl"
                },
                {
                    "name": "Wouter Jonker",
                    "email": "wouter@pay.nl"
                }
            ],
            "description": "Software Development Kit for implementing Pay.'s API",
            "homepage": "https://github.com/paynl/sdk3",
            "keywords": [
                "api",
                "plugins",
                "rest",
                "sdk"
            ],
            "support": {
                "email": "support@pay.nl"
            },
            "time": "2024-04-22T13:41:43+00:00"
        },
        {
            "name": "php-curl-class/php-curl-class",
            "version": "8.10.0",
            "source": {
                "type": "git",
                "url": "https://github.com/php-curl-class/php-curl-class.git",
                "reference": "c97c96d5d422b4085aba32ace096c3e404dde607"
            },
            "dist": {
                "type": "zip",
                "url": "https://api.github.com/repos/php-curl-class/php-curl-class/zipball/c97c96d5d422b4085aba32ace096c3e404dde607",
                "reference": "c97c96d5d422b4085aba32ace096c3e404dde607",
                "shasum": ""
            },
            "require": {
                "ext-curl": "*",
                "php": ">=5.3"
            },
            "require-dev": {
                "ext-gd": "*",
                "phpunit/phpunit": "*",
                "squizlabs/php_codesniffer": "*"
            },
            "suggest": {
                "ext-mbstring": "*"
            },
            "type": "library",
            "autoload": {
                "psr-4": {
                    "Curl\\": "src/Curl/"
                }
            },
            "notification-url": "https://packagist.org/downloads/",
            "license": [
                "Unlicense"
            ],
            "authors": [
                {
                    "name": "Zach Borboa"
                }
            ],
            "description": "PHP Curl Class makes it easy to send HTTP requests and integrate with web APIs.",
            "homepage": "https://github.com/php-curl-class/php-curl-class",
            "keywords": [
                "API-Client",
                "api",
                "class",
                "client",
                "curl",
                "framework",
                "http",
                "http-client",
                "http-proxy",
                "json",
                "php",
                "php-curl",
                "php-curl-library",
                "proxy",
                "requests",
                "restful",
                "web-scraper",
                "web-service",
                "xml"
            ],
            "support": {
                "issues": "https://github.com/php-curl-class/php-curl-class/issues",
                "source": "https://github.com/php-curl-class/php-curl-class/tree/8.10.0"
            },
            "time": "2021-06-23T14:34:00+00:00"
        }
    ],
    "packages-dev": [],
    "aliases": [],
    "minimum-stability": "RC",
    "stability-flags": {
        "paynl/sdk3-mvp": 20
    },
    "prefer-stable": false,
    "prefer-lowest": false,
    "platform": [],
    "platform-dev": [],
    "plugin-api-version": "2.6.0"
}
