{
    "_readme": [
        "This file locks the dependencies of your project to a known state",
        "Read more about it at https://getcomposer.org/doc/01-basic-usage.md#installing-dependencies",
        "This file is @generated automatically"
    ],
    "content-hash": "84a6c4492c9db588498c627f3a264b00",
    "packages": [
        {
            "name": "paynl/sdk",
            "version": "v1.5.11",
            "source": {
                "type": "git",
                "url": "https://github.com/paynl/sdk.git",
                "reference": "ad0ea00dda935768f6800c31836a4cd3bf1c4792"
            },
            "dist": {
                "type": "zip",
                "url": "https://api.github.com/repos/paynl/sdk/zipball/ad0ea00dda935768f6800c31836a4cd3bf1c4792",
                "reference": "ad0ea00dda935768f6800c31836a4cd3bf1c4792",
                "shasum": ""
            },
            "require": {
                "ext-curl": "*",
                "ext-json": "*",
                "php-curl-class/php-curl-class": "^8.3"
            },
            "require-dev": {
                "php-coveralls/php-coveralls": "^1.0",
                "phpunit/phpunit": "^4.8"
            },
            "suggest": {
                "ext-simplexml": "*"
            },
            "type": "library",
            "autoload": {
                "psr-4": {
                    "Paynl\\": "src/"
                }
            },
            "notification-url": "https://packagist.org/downloads/",
            "license": [
                "MIT"
            ],
            "authors": [
                {
                    "name": "Andy Pieters",
                    "email": "andy@pay.nl"
                }
            ],
            "time": "2019-06-21T14:33:13+00:00"
        },
        {
            "name": "php-curl-class/php-curl-class",
            "version": "8.6.1",
            "source": {
                "type": "git",
                "url": "https://github.com/php-curl-class/php-curl-class.git",
                "reference": "a418962c4385aba6b97d2d57d65a0d405b514cf7"
            },
            "dist": {
                "type": "zip",
                "url": "https://api.github.com/repos/php-curl-class/php-curl-class/zipball/a418962c4385aba6b97d2d57d65a0d405b514cf7",
                "reference": "a418962c4385aba6b97d2d57d65a0d405b514cf7",
                "shasum": ""
            },
            "require": {
                "ext-curl": "*",
                "php": ">=5.3"
            },
            "require-dev": {
                "ext-gd": "*",
                "phpunit/phpunit": "*",
                "squizlabs/php_codesniffer": "*"
            },
            "suggest": {
                "ext-mbstring": "*"
            },
            "type": "library",
            "autoload": {
                "psr-4": {
                    "Curl\\": "src/Curl/"
                }
            },
            "notification-url": "https://packagist.org/downloads/",
            "license": [
                "Unlicense"
            ],
            "authors": [
                {
                    "name": "Zach Borboa"
                }
            ],
            "description": "PHP Curl Class makes it easy to send HTTP requests and integrate with web APIs.",
            "homepage": "https://github.com/php-curl-class/php-curl-class",
            "keywords": [
                "API-Client",
                "api",
                "class",
                "client",
                "curl",
                "framework",
                "http",
                "http-client",
                "http-proxy",
                "json",
                "php",
                "php-curl",
                "php-curl-library",
                "proxy",
                "requests",
                "restful",
                "web-scraper",
                "web-scraping ",
                "web-service",
                "xml"
            ],
            "time": "2019-08-05T04:18:26+00:00"
        }
    ],
    "packages-dev": [],
    "aliases": [],
    "minimum-stability": "stable",
    "stability-flags": [],
    "prefer-stable": false,
    "prefer-lowest": false,
    "platform": [],
    "platform-dev": []
}
