{
    "name": "paynlpayment",
    "version": "1.0.0",
    "lockfileVersion": 3,
    "requires": true,
    "packages": {
        "": {
            "name": "paynlpayment",
            "version": "1.0.0",
            "license": "MIT",
            "dependencies": {
                "@paypal/paypal-js": "~5",
                "imask": "^6.1.0"
            }
        },
        "node_modules/@paypal/paypal-js": {
            "version": "5.1.6",
            "resolved": "https://registry.npmjs.org/@paypal/paypal-js/-/paypal-js-5.1.6.tgz",
            "integrity": "sha512-1upF06pv0AUtTftRVSra44p8ibqGa3ruKLArvdhpZla25zcrND7R+nDUIMrJ0iteVYZowhujZStFs6NoruExfg==",
            "dependencies": {
                "promise-polyfill": "^8.3.0"
            }
        },
        "node_modules/imask": {
            "version": "6.1.0",
            "resolved": "https://registry.npmjs.org/imask/-/imask-6.1.0.tgz",
            "integrity": "sha512-IuElVZpc7iuGw+CXfwoUZYpGdoD5H7cGo3S93gZPgjTTWfY5XAXCFL3g3b/ZJBZ18RG2dFF2kxAuuFlXMjq7oQ==",
            "engines": {
                "npm": ">=4.0.0"
            }
        },
        "node_modules/promise-polyfill": {
            "version": "8.3.0",
            "resolved": "https://registry.npmjs.org/promise-polyfill/-/promise-polyfill-8.3.0.tgz",
            "integrity": "sha512-H5oELycFml5yto/atYqmjyigJoAo3+OXwolYiH7OfQuYlAqhxNvTfiNMbV9hsC6Yp83yE5r2KTVmtrG6R9i6Pg=="
        }
    }
}
