{
    "name": "paynlpayment",
    "version": "1.0.0",
    "lockfileVersion": 1,
    "requires": true,
    "dependencies": {
        "imask": {
            "version": "6.1.0",
            "resolved": "https://registry.npmjs.org/imask/-/imask-6.1.0.tgz",
            "integrity": "sha512-IuElVZpc7iuGw+CXfwoUZYpGdoD5H7cGo3S93gZPgjTTWfY5XAXCFL3g3b/ZJBZ18RG2dFF2kxAuuFlXMjq7oQ=="
        }
    }
}
